
Microsoft Visual Studio Solution File, Format Version 12.00
# Visual Studio Version 16
VisualStudioVersion = 16.0.30309.148
MinimumVisualStudioVersion = 10.0.40219.1
Project("{9A19103F-16F7-4668-BE54-9A1E7A4F7556}") = "KarnaughMap", "KarnaughMap\KarnaughMap.csproj", "{F1A21B4B-9092-4999-8E51-42F95BE00674}"
EndProject
Project("{9A19103F-16F7-4668-BE54-9A1E7A4F7556}") = "KarnaughMap.Test", "KarnaughMap.Test\KarnaughMap.Test.csproj", "{B3A1EDFF-333D-463A-A86E-5B99ED9DA145}"
EndProject
Global
	GlobalSection(SolutionConfigurationPlatforms) = preSolution
		Debug|Any CPU = Debug|Any CPU
		Release|Any CPU = Release|Any CPU
	EndGlobalSection
	GlobalSection(ProjectConfigurationPlatforms) = postSolution
		{F1A21B4B-9092-4999-8E51-42F95BE00674}.Debug|Any CPU.ActiveCfg = Debug|Any CPU
		{F1A21B4B-9092-4999-8E51-42F95BE00674}.Debug|Any CPU.Build.0 = Debug|Any CPU
		{F1A21B4B-9092-4999-8E51-42F95BE00674}.Release|Any CPU.ActiveCfg = Release|Any CPU
		{F1A21B4B-9092-4999-8E51-42F95BE00674}.Release|Any CPU.Build.0 = Release|Any CPU
		{B3A1EDFF-333D-463A-A86E-5B99ED9DA145}.Debug|Any CPU.ActiveCfg = Debug|Any CPU
		{B3A1EDFF-333D-463A-A86E-5B99ED9DA145}.Debug|Any CPU.Build.0 = Debug|Any CPU
		{B3A1EDFF-333D-463A-A86E-5B99ED9DA145}.Release|Any CPU.ActiveCfg = Release|Any CPU
		{B3A1EDFF-333D-463A-A86E-5B99ED9DA145}.Release|Any CPU.Build.0 = Release|Any CPU
	EndGlobalSection
	GlobalSection(SolutionProperties) = preSolution
		HideSolutionNode = FALSE
	EndGlobalSection
	GlobalSection(ExtensibilityGlobals) = postSolution
		SolutionGuid = {0A1834F2-9E1A-4645-B015-C8DDBDD3E263}
	EndGlobalSection
EndGlobal
