
Microsoft Visual Studio Solution File, Format Version 12.00
# Visual Studio Version 16
VisualStudioVersion = 16.0.29324.140
MinimumVisualStudioVersion = 10.0.40219.1
Project("{2150E333-8FDC-42A3-9474-1A3956D46DE8}") = "QuineMcCluskeyModule", "QuineMcCluskeyModule", "{A446AA59-8559-4700-97EF-AADE772E9579}"
EndProject
Project("{2150E333-8FDC-42A3-9474-1A3956D46DE8}") = "PetricksMethodModule", "PetricksMethodModule", "{E07CD165-EBD2-447E-8307-5F9563DF5F92}"
EndProject
Project("{9A19103F-16F7-4668-BE54-9A1E7A4F7556}") = "PetricksMethod.Abstractions", "PetricksMethod.Abstractions\PetricksMethod.Abstractions.csproj", "{1BEB6B00-5921-436A-AD60-CAAEE4100B2D}"
EndProject
Project("{9A19103F-16F7-4668-BE54-9A1E7A4F7556}") = "PetricksMethod", "PetricksMethod\PetricksMethod.csproj", "{4F96A1F2-C224-4C62-AD7F-135B117FD7F3}"
EndProject
Project("{9A19103F-16F7-4668-BE54-9A1E7A4F7556}") = "QuineMcCluskey", "QuineMcCluskey\QuineMcCluskey.csproj", "{69AA2703-DF0A-4954-9770-3744B8143EA2}"
EndProject
Project("{9A19103F-16F7-4668-BE54-9A1E7A4F7556}") = "QuineMcCluskey.Abstractions", "QuineMcCluskey.Abstractions\QuineMcCluskey.Abstractions.csproj", "{BB9B7EAB-C8F3-478D-A054-D0F20E455547}"
EndProject
Project("{2150E333-8FDC-42A3-9474-1A3956D46DE8}") = "KarnaughModule", "KarnaughModule", "{7A336982-4822-4261-BFA6-96AD0473F106}"
EndProject
Project("{9A19103F-16F7-4668-BE54-9A1E7A4F7556}") = "Karnaugh", "Karnaugh\Karnaugh.csproj", "{51527BEF-76A7-482E-B53C-7DEA591EBFDC}"
EndProject
Project("{9A19103F-16F7-4668-BE54-9A1E7A4F7556}") = "Karnaugh.Abstractions", "Karnaugh.Abstractions\Karnaugh.Abstractions.csproj", "{97CED5DD-3A68-4773-9EFF-CB2D727454F4}"
EndProject
Project("{FAE04EC0-301F-11D3-BF4B-00C04F79EFBC}") = "Demo", "Demo\Demo.csproj", "{45C742E9-86F2-4719-9AAC-701A95D818F2}"
EndProject
Project("{2150E333-8FDC-42A3-9474-1A3956D46DE8}") = "CommonModule", "CommonModule", "{0CABEABC-5E94-4F97-9F23-A5EA35591E72}"
EndProject
Project("{FAE04EC0-301F-11D3-BF4B-00C04F79EFBC}") = "Common", "Common\Common.csproj", "{316C3187-A7A4-4B3C-A773-86E38E8993B0}"
EndProject
Global
	GlobalSection(SolutionConfigurationPlatforms) = preSolution
		Debug|Any CPU = Debug|Any CPU
		Release|Any CPU = Release|Any CPU
	EndGlobalSection
	GlobalSection(ProjectConfigurationPlatforms) = postSolution
		{1BEB6B00-5921-436A-AD60-CAAEE4100B2D}.Debug|Any CPU.ActiveCfg = Debug|Any CPU
		{1BEB6B00-5921-436A-AD60-CAAEE4100B2D}.Debug|Any CPU.Build.0 = Debug|Any CPU
		{1BEB6B00-5921-436A-AD60-CAAEE4100B2D}.Release|Any CPU.ActiveCfg = Release|Any CPU
		{1BEB6B00-5921-436A-AD60-CAAEE4100B2D}.Release|Any CPU.Build.0 = Release|Any CPU
		{4F96A1F2-C224-4C62-AD7F-135B117FD7F3}.Debug|Any CPU.ActiveCfg = Debug|Any CPU
		{4F96A1F2-C224-4C62-AD7F-135B117FD7F3}.Debug|Any CPU.Build.0 = Debug|Any CPU
		{4F96A1F2-C224-4C62-AD7F-135B117FD7F3}.Release|Any CPU.ActiveCfg = Release|Any CPU
		{4F96A1F2-C224-4C62-AD7F-135B117FD7F3}.Release|Any CPU.Build.0 = Release|Any CPU
		{69AA2703-DF0A-4954-9770-3744B8143EA2}.Debug|Any CPU.ActiveCfg = Debug|Any CPU
		{69AA2703-DF0A-4954-9770-3744B8143EA2}.Debug|Any CPU.Build.0 = Debug|Any CPU
		{69AA2703-DF0A-4954-9770-3744B8143EA2}.Release|Any CPU.ActiveCfg = Release|Any CPU
		{69AA2703-DF0A-4954-9770-3744B8143EA2}.Release|Any CPU.Build.0 = Release|Any CPU
		{BB9B7EAB-C8F3-478D-A054-D0F20E455547}.Debug|Any CPU.ActiveCfg = Debug|Any CPU
		{BB9B7EAB-C8F3-478D-A054-D0F20E455547}.Debug|Any CPU.Build.0 = Debug|Any CPU
		{BB9B7EAB-C8F3-478D-A054-D0F20E455547}.Release|Any CPU.ActiveCfg = Release|Any CPU
		{BB9B7EAB-C8F3-478D-A054-D0F20E455547}.Release|Any CPU.Build.0 = Release|Any CPU
		{51527BEF-76A7-482E-B53C-7DEA591EBFDC}.Debug|Any CPU.ActiveCfg = Debug|Any CPU
		{51527BEF-76A7-482E-B53C-7DEA591EBFDC}.Debug|Any CPU.Build.0 = Debug|Any CPU
		{51527BEF-76A7-482E-B53C-7DEA591EBFDC}.Release|Any CPU.ActiveCfg = Release|Any CPU
		{51527BEF-76A7-482E-B53C-7DEA591EBFDC}.Release|Any CPU.Build.0 = Release|Any CPU
		{97CED5DD-3A68-4773-9EFF-CB2D727454F4}.Debug|Any CPU.ActiveCfg = Debug|Any CPU
		{97CED5DD-3A68-4773-9EFF-CB2D727454F4}.Debug|Any CPU.Build.0 = Debug|Any CPU
		{97CED5DD-3A68-4773-9EFF-CB2D727454F4}.Release|Any CPU.ActiveCfg = Release|Any CPU
		{97CED5DD-3A68-4773-9EFF-CB2D727454F4}.Release|Any CPU.Build.0 = Release|Any CPU
		{45C742E9-86F2-4719-9AAC-701A95D818F2}.Debug|Any CPU.ActiveCfg = Debug|Any CPU
		{45C742E9-86F2-4719-9AAC-701A95D818F2}.Debug|Any CPU.Build.0 = Debug|Any CPU
		{45C742E9-86F2-4719-9AAC-701A95D818F2}.Release|Any CPU.ActiveCfg = Release|Any CPU
		{45C742E9-86F2-4719-9AAC-701A95D818F2}.Release|Any CPU.Build.0 = Release|Any CPU
		{316C3187-A7A4-4B3C-A773-86E38E8993B0}.Debug|Any CPU.ActiveCfg = Debug|Any CPU
		{316C3187-A7A4-4B3C-A773-86E38E8993B0}.Debug|Any CPU.Build.0 = Debug|Any CPU
		{316C3187-A7A4-4B3C-A773-86E38E8993B0}.Release|Any CPU.ActiveCfg = Release|Any CPU
		{316C3187-A7A4-4B3C-A773-86E38E8993B0}.Release|Any CPU.Build.0 = Release|Any CPU
	EndGlobalSection
	GlobalSection(SolutionProperties) = preSolution
		HideSolutionNode = FALSE
	EndGlobalSection
	GlobalSection(NestedProjects) = preSolution
		{1BEB6B00-5921-436A-AD60-CAAEE4100B2D} = {E07CD165-EBD2-447E-8307-5F9563DF5F92}
		{4F96A1F2-C224-4C62-AD7F-135B117FD7F3} = {E07CD165-EBD2-447E-8307-5F9563DF5F92}
		{69AA2703-DF0A-4954-9770-3744B8143EA2} = {A446AA59-8559-4700-97EF-AADE772E9579}
		{BB9B7EAB-C8F3-478D-A054-D0F20E455547} = {A446AA59-8559-4700-97EF-AADE772E9579}
		{51527BEF-76A7-482E-B53C-7DEA591EBFDC} = {7A336982-4822-4261-BFA6-96AD0473F106}
		{97CED5DD-3A68-4773-9EFF-CB2D727454F4} = {7A336982-4822-4261-BFA6-96AD0473F106}
		{316C3187-A7A4-4B3C-A773-86E38E8993B0} = {0CABEABC-5E94-4F97-9F23-A5EA35591E72}
	EndGlobalSection
	GlobalSection(ExtensibilityGlobals) = postSolution
		SolutionGuid = {22F522F8-DBA3-4875-BEE3-9E16126B7354}
	EndGlobalSection
EndGlobal
