
Microsoft Visual Studio Solution File, Format Version 12.00
# Visual Studio Version 16
VisualStudioVersion = 16.0.29324.140
MinimumVisualStudioVersion = 10.0.40219.1
Project("{9A19103F-16F7-4668-BE54-9A1E7A4F7556}") = "QuineMcCluskey", "QuineMcCluskey\QuineMcCluskey.csproj", "{6C683CD6-B106-403B-85F0-312FD939BEDF}"
EndProject
Project("{9A19103F-16F7-4668-BE54-9A1E7A4F7556}") = "QuineMcCluskey.Test", "QuineMcKluskey.Test\QuineMcCluskey.Test.csproj", "{6627712F-35F9-46AB-B4E0-BBD9047875CB}"
EndProject
Project("{9A19103F-16F7-4668-BE54-9A1E7A4F7556}") = "KarnaughMap.Test", "KarnaughMap.Test\KarnaughMap.Test.csproj", "{BD86D358-3346-4C7D-8CF6-87E060B71D34}"
EndProject
Project("{9A19103F-16F7-4668-BE54-9A1E7A4F7556}") = "KarnaughMap", "KarnaughMap\KarnaughMap.csproj", "{5219FED0-CA20-4786-BAFC-52B66FFA87A6}"
EndProject
Global
	GlobalSection(SolutionConfigurationPlatforms) = preSolution
		Debug|Any CPU = Debug|Any CPU
		Release|Any CPU = Release|Any CPU
	EndGlobalSection
	GlobalSection(ProjectConfigurationPlatforms) = postSolution
		{6C683CD6-B106-403B-85F0-312FD939BEDF}.Debug|Any CPU.ActiveCfg = Debug|Any CPU
		{6C683CD6-B106-403B-85F0-312FD939BEDF}.Debug|Any CPU.Build.0 = Debug|Any CPU
		{6C683CD6-B106-403B-85F0-312FD939BEDF}.Release|Any CPU.ActiveCfg = Release|Any CPU
		{6C683CD6-B106-403B-85F0-312FD939BEDF}.Release|Any CPU.Build.0 = Release|Any CPU
		{6627712F-35F9-46AB-B4E0-BBD9047875CB}.Debug|Any CPU.ActiveCfg = Debug|Any CPU
		{6627712F-35F9-46AB-B4E0-BBD9047875CB}.Debug|Any CPU.Build.0 = Debug|Any CPU
		{6627712F-35F9-46AB-B4E0-BBD9047875CB}.Release|Any CPU.ActiveCfg = Release|Any CPU
		{6627712F-35F9-46AB-B4E0-BBD9047875CB}.Release|Any CPU.Build.0 = Release|Any CPU
		{BD86D358-3346-4C7D-8CF6-87E060B71D34}.Debug|Any CPU.ActiveCfg = Debug|Any CPU
		{BD86D358-3346-4C7D-8CF6-87E060B71D34}.Debug|Any CPU.Build.0 = Debug|Any CPU
		{BD86D358-3346-4C7D-8CF6-87E060B71D34}.Release|Any CPU.ActiveCfg = Release|Any CPU
		{BD86D358-3346-4C7D-8CF6-87E060B71D34}.Release|Any CPU.Build.0 = Release|Any CPU
		{5219FED0-CA20-4786-BAFC-52B66FFA87A6}.Debug|Any CPU.ActiveCfg = Debug|Any CPU
		{5219FED0-CA20-4786-BAFC-52B66FFA87A6}.Debug|Any CPU.Build.0 = Debug|Any CPU
		{5219FED0-CA20-4786-BAFC-52B66FFA87A6}.Release|Any CPU.ActiveCfg = Release|Any CPU
		{5219FED0-CA20-4786-BAFC-52B66FFA87A6}.Release|Any CPU.Build.0 = Release|Any CPU
	EndGlobalSection
	GlobalSection(SolutionProperties) = preSolution
		HideSolutionNode = FALSE
	EndGlobalSection
	GlobalSection(ExtensibilityGlobals) = postSolution
		SolutionGuid = {22F522F8-DBA3-4875-BEE3-9E16126B7354}
	EndGlobalSection
EndGlobal
